// !$*UTF8*$!
{
	archiveVersion = 1;
	classes = {
	};
	objectVersion = 48;
	objects = {

/* Begin PBXBuildFile section */
		060EBE271FC217F100C998EC /* DroppablePin.swift in Sources */ = {isa = PBXBuildFile; fileRef = 060EBE261FC217F100C998EC /* DroppablePin.swift */; };
		060EBE291FC2499E00C998EC /* PhotoCell.swift in Sources */ = {isa = PBXBuildFile; fileRef = 060EBE281FC2499E00C998EC /* PhotoCell.swift */; };
		064F7C5E1FBE0E40002032D7 /* AppDelegate.swift in Sources */ = {isa = PBXBuildFile; fileRef = 064F7C5D1FBE0E40002032D7 /* AppDelegate.swift */; };
		064F7C601FBE0E40002032D7 /* MapVC.swift in Sources */ = {isa = PBXBuildFile; fileRef = 064F7C5F1FBE0E40002032D7 /* MapVC.swift */; };
		064F7C631FBE0E40002032D7 /* Main.storyboard in Resources */ = {isa = PBXBuildFile; fileRef = 064F7C611FBE0E40002032D7 /* Main.storyboard */; };
		064F7C651FBE0E40002032D7 /* Assets.xcassets in Resources */ = {isa = PBXBuildFile; fileRef = 064F7C641FBE0E40002032D7 /* Assets.xcassets */; };
		064F7C681FBE0E40002032D7 /* LaunchScreen.storyboard in Resources */ = {isa = PBXBuildFile; fileRef = 064F7C661FBE0E40002032D7 /* LaunchScreen.storyboard */; };
		1700D12593AA5A65EA0F81DC /* Pods_MapCity.framework in Frameworks */ = {isa = PBXBuildFile; fileRef = CE19E12F78CDDEADB3BF5330 /* Pods_MapCity.framework */; };
/* End PBXBuildFile section */

/* Begin PBXFileReference section */
		0441F20CE839A9CBEB05B44D /* Pods-MapCity.release.xcconfig */ = {isa = PBXFileReference; includeInIndex = 1; lastKnownFileType = text.xcconfig; name = "Pods-MapCity.release.xcconfig"; path = "Pods/Target Support Files/Pods-MapCity/Pods-MapCity.release.xcconfig"; sourceTree = "<group>"; };
		060EBE261FC217F100C998EC /* DroppablePin.swift */ = {isa = PBXFileReference; lastKnownFileType = sourcecode.swift; path = DroppablePin.swift; sourceTree = "<group>"; };
		060EBE281FC2499E00C998EC /* PhotoCell.swift */ = {isa = PBXFileReference; lastKnownFileType = sourcecode.swift; path = PhotoCell.swift; sourceTree = "<group>"; };
		064F7C5A1FBE0E40002032D7 /* MapCity.app */ = {isa = PBXFileReference; explicitFileType = wrapper.application; includeInIndex = 0; path = MapCity.app; sourceTree = BUILT_PRODUCTS_DIR; };
		064F7C5D1FBE0E40002032D7 /* AppDelegate.swift */ = {isa = PBXFileReference; lastKnownFileType = sourcecode.swift; path = AppDelegate.swift; sourceTree = "<group>"; };
		064F7C5F1FBE0E40002032D7 /* MapVC.swift */ = {isa = PBXFileReference; lastKnownFileType = sourcecode.swift; path = MapVC.swift; sourceTree = "<group>"; };
		064F7C621FBE0E40002032D7 /* Base */ = {isa = PBXFileReference; lastKnownFileType = file.storyboard; name = Base; path = Base.lproj/Main.storyboard; sourceTree = "<group>"; };
		064F7C641FBE0E40002032D7 /* Assets.xcassets */ = {isa = PBXFileReference; lastKnownFileType = folder.assetcatalog; path = Assets.xcassets; sourceTree = "<group>"; };
		064F7C671FBE0E40002032D7 /* Base */ = {isa = PBXFileReference; lastKnownFileType = file.storyboard; name = Base; path = Base.lproj/LaunchScreen.storyboard; sourceTree = "<group>"; };
		064F7C691FBE0E40002032D7 /* Info.plist */ = {isa = PBXFileReference; lastKnownFileType = text.plist.xml; path = Info.plist; sourceTree = "<group>"; };
		CE19E12F78CDDEADB3BF5330 /* Pods_MapCity.framework */ = {isa = PBXFileReference; explicitFileType = wrapper.framework; includeInIndex = 0; path = Pods_MapCity.framework; sourceTree = BUILT_PRODUCTS_DIR; };
		DAD62AB7291050A75BF40618 /* Pods-MapCity.debug.xcconfig */ = {isa = PBXFileReference; includeInIndex = 1; lastKnownFileType = text.xcconfig; name = "Pods-MapCity.debug.xcconfig"; path = "Pods/Target Support Files/Pods-MapCity/Pods-MapCity.debug.xcconfig"; sourceTree = "<group>"; };
/* End PBXFileReference section */

/* Begin PBXFrameworksBuildPhase section */
		064F7C571FBE0E40002032D7 /* Frameworks */ = {
			isa = PBXFrameworksBuildPhase;
			buildActionMask = 2147483647;
			files = (
				1700D12593AA5A65EA0F81DC /* Pods_MapCity.framework in Frameworks */,
			);
			runOnlyForDeploymentPostprocessing = 0;
		};
/* End PBXFrameworksBuildPhase section */

/* Begin PBXGroup section */
		064F7C511FBE0E3F002032D7 = {
			isa = PBXGroup;
			children = (
				064F7C5C1FBE0E40002032D7 /* MapCity */,
				064F7C5B1FBE0E40002032D7 /* Products */,
				B7C2CCD9321865C64AD3CB67 /* Pods */,
				F668972B6D1E2A78157DA444 /* Frameworks */,
			);
			sourceTree = "<group>";
		};
		064F7C5B1FBE0E40002032D7 /* Products */ = {
			isa = PBXGroup;
			children = (
				064F7C5A1FBE0E40002032D7 /* MapCity.app */,
			);
			name = Products;
			sourceTree = "<group>";
		};
		064F7C5C1FBE0E40002032D7 /* MapCity */ = {
			isa = PBXGroup;
			children = (
				064F7C721FBE0F93002032D7 /* Utilities */,
				064F7C711FBE0F86002032D7 /* Extensions */,
				064F7C701FBE0F81002032D7 /* Views */,
				064F7C6F1FBE0F74002032D7 /* Controllers */,
				064F7C5D1FBE0E40002032D7 /* AppDelegate.swift */,
				064F7C611FBE0E40002032D7 /* Main.storyboard */,
				064F7C641FBE0E40002032D7 /* Assets.xcassets */,
				064F7C661FBE0E40002032D7 /* LaunchScreen.storyboard */,
				064F7C691FBE0E40002032D7 /* Info.plist */,
			);
			path = MapCity;
			sourceTree = "<group>";
		};
		064F7C6F1FBE0F74002032D7 /* Controllers */ = {
			isa = PBXGroup;
			children = (
				064F7C5F1FBE0E40002032D7 /* MapVC.swift */,
			);
			path = Controllers;
			sourceTree = "<group>";
		};
		064F7C701FBE0F81002032D7 /* Views */ = {
			isa = PBXGroup;
			children = (
				060EBE261FC217F100C998EC /* DroppablePin.swift */,
				060EBE281FC2499E00C998EC /* PhotoCell.swift */,
			);
			path = Views;
			sourceTree = "<group>";
		};
		064F7C711FBE0F86002032D7 /* Extensions */ = {
			isa = PBXGroup;
			children = (
			);
			path = Extensions;
			sourceTree = "<group>";
		};
		064F7C721FBE0F93002032D7 /* Utilities */ = {
			isa = PBXGroup;
			children = (
			);
			path = Utilities;
			sourceTree = "<group>";
		};
		B7C2CCD9321865C64AD3CB67 /* Pods */ = {
			isa = PBXGroup;
			children = (
				DAD62AB7291050A75BF40618 /* Pods-MapCity.debug.xcconfig */,
				0441F20CE839A9CBEB05B44D /* Pods-MapCity.release.xcconfig */,
			);
			name = Pods;
			sourceTree = "<group>";
		};
		F668972B6D1E2A78157DA444 /* Frameworks */ = {
			isa = PBXGroup;
			children = (
				CE19E12F78CDDEADB3BF5330 /* Pods_MapCity.framework */,
			);
			name = Frameworks;
			sourceTree = "<group>";
		};
/* End PBXGroup section */

/* Begin PBXNativeTarget section */
		064F7C591FBE0E40002032D7 /* MapCity */ = {
			isa = PBXNativeTarget;
			buildConfigurationList = 064F7C6C1FBE0E40002032D7 /* Build configuration list for PBXNativeTarget "MapCity" */;
			buildPhases = (
				5249E06FF659D3282BFA7A48 /* [CP] Check Pods Manifest.lock */,
				064F7C561FBE0E40002032D7 /* Sources */,
				064F7C571FBE0E40002032D7 /* Frameworks */,
				064F7C581FBE0E40002032D7 /* Resources */,
				DFD2CEDE61521085A1D01557 /* [CP] Embed Pods Frameworks */,
				A16E083747D1AEAD83F5F893 /* [CP] Copy Pods Resources */,
			);
			buildRules = (
			);
			dependencies = (
			);
			name = MapCity;
			productName = MapCity;
			productReference = 064F7C5A1FBE0E40002032D7 /* MapCity.app */;
			productType = "com.apple.product-type.application";
		};
/* End PBXNativeTarget section */

/* Begin PBXProject section */
		064F7C521FBE0E3F002032D7 /* Project object */ = {
			isa = PBXProject;
			attributes = {
				LastSwiftUpdateCheck = 0910;
				LastUpgradeCheck = 0910;
				ORGANIZATIONNAME = GrayStudio;
				TargetAttributes = {
					064F7C591FBE0E40002032D7 = {
						CreatedOnToolsVersion = 9.1;
						ProvisioningStyle = Automatic;
					};
				};
			};
			buildConfigurationList = 064F7C551FBE0E3F002032D7 /* Build configuration list for PBXProject "MapCity" */;
			compatibilityVersion = "Xcode 8.0";
			developmentRegion = en;
			hasScannedForEncodings = 0;
			knownRegions = (
				en,
				Base,
			);
			mainGroup = 064F7C511FBE0E3F002032D7;
			productRefGroup = 064F7C5B1FBE0E40002032D7 /* Products */;
			projectDirPath = "";
			projectRoot = "";
			targets = (
				064F7C591FBE0E40002032D7 /* MapCity */,
			);
		};
/* End PBXProject section */

/* Begin PBXResourcesBuildPhase section */
		064F7C581FBE0E40002032D7 /* Resources */ = {
			isa = PBXResourcesBuildPhase;
			buildActionMask = 2147483647;
			files = (
				064F7C681FBE0E40002032D7 /* LaunchScreen.storyboard in Resources */,
				064F7C651FBE0E40002032D7 /* Assets.xcassets in Resources */,
				064F7C631FBE0E40002032D7 /* Main.storyboard in Resources */,
			);
			runOnlyForDeploymentPostprocessing = 0;
		};
/* End PBXResourcesBuildPhase section */

/* Begin PBXShellScriptBuildPhase section */
		5249E06FF659D3282BFA7A48 /* [CP] Check Pods Manifest.lock */ = {
			isa = PBXShellScriptBuildPhase;
			buildActionMask = 2147483647;
			files = (
			);
			inputPaths = (
			);
			name = "[CP] Check Pods Manifest.lock";
			outputPaths = (
			);
			runOnlyForDeploymentPostprocessing = 0;
			shellPath = /bin/sh;
			shellScript = "diff \"${PODS_PODFILE_DIR_PATH}/Podfile.lock\" \"${PODS_ROOT}/Manifest.lock\" > /dev/null\nif [ $? != 0 ] ; then\n    # print error to STDERR\n    echo \"error: The sandbox is not in sync with the Podfile.lock. Run 'pod install' or update your CocoaPods installation.\" >&2\n    exit 1\nfi\n";
			showEnvVarsInLog = 0;
		};
		A16E083747D1AEAD83F5F893 /* [CP] Copy Pods Resources */ = {
			isa = PBXShellScriptBuildPhase;
			buildActionMask = 2147483647;
			files = (
			);
			inputPaths = (
			);
			name = "[CP] Copy Pods Resources";
			outputPaths = (
			);
			runOnlyForDeploymentPostprocessing = 0;
			shellPath = /bin/sh;
			shellScript = "\"${SRCROOT}/Pods/Target Support Files/Pods-MapCity/Pods-MapCity-resources.sh\"\n";
			showEnvVarsInLog = 0;
		};
		DFD2CEDE61521085A1D01557 /* [CP] Embed Pods Frameworks */ = {
			isa = PBXShellScriptBuildPhase;
			buildActionMask = 2147483647;
			files = (
			);
			inputPaths = (
			);
			name = "[CP] Embed Pods Frameworks";
			outputPaths = (
			);
			runOnlyForDeploymentPostprocessing = 0;
			shellPath = /bin/sh;
			shellScript = "\"${SRCROOT}/Pods/Target Support Files/Pods-MapCity/Pods-MapCity-frameworks.sh\"\n";
			showEnvVarsInLog = 0;
		};
/* End PBXShellScriptBuildPhase section */

/* Begin PBXSourcesBuildPhase section */
		064F7C561FBE0E40002032D7 /* Sources */ = {
			isa = PBXSourcesBuildPhase;
			buildActionMask = 2147483647;
			files = (
				060EBE291FC2499E00C998EC /* PhotoCell.swift in Sources */,
				064F7C601FBE0E40002032D7 /* MapVC.swift in Sources */,
				060EBE271FC217F100C998EC /* DroppablePin.swift in Sources */,
				064F7C5E1FBE0E40002032D7 /* AppDelegate.swift in Sources */,
			);
			runOnlyForDeploymentPostprocessing = 0;
		};
/* End PBXSourcesBuildPhase section */

/* Begin PBXVariantGroup section */
		064F7C611FBE0E40002032D7 /* Main.storyboard */ = {
			isa = PBXVariantGroup;
			children = (
				064F7C621FBE0E40002032D7 /* Base */,
			);
			name = Main.storyboard;
			sourceTree = "<group>";
		};
		064F7C661FBE0E40002032D7 /* LaunchScreen.storyboard */ = {
			isa = PBXVariantGroup;
			children = (
				064F7C671FBE0E40002032D7 /* Base */,
			);
			name = LaunchScreen.storyboard;
			sourceTree = "<group>";
		};
/* End PBXVariantGroup section */

/* Begin XCBuildConfiguration section */
		064F7C6A1FBE0E40002032D7 /* Debug */ = {
			isa = XCBuildConfiguration;
			buildSettings = {
				ALWAYS_SEARCH_USER_PATHS = NO;
				CLANG_ANALYZER_NONNULL = YES;
				CLANG_ANALYZER_NUMBER_OBJECT_CONVERSION = YES_AGGRESSIVE;
				CLANG_CXX_LANGUAGE_STANDARD = "gnu++14";
				CLANG_CXX_LIBRARY = "libc++";
				CLANG_ENABLE_MODULES = YES;
				CLANG_ENABLE_OBJC_ARC = YES;
				CLANG_WARN_BLOCK_CAPTURE_AUTORELEASING = YES;
				CLANG_WARN_BOOL_CONVERSION = YES;
				CLANG_WARN_COMMA = YES;
				CLANG_WARN_CONSTANT_CONVERSION = YES;
				CLANG_WARN_DIRECT_OBJC_ISA_USAGE = YES_ERROR;
				CLANG_WARN_DOCUMENTATION_COMMENTS = YES;
				CLANG_WARN_EMPTY_BODY = YES;
				CLANG_WARN_ENUM_CONVERSION = YES;
				CLANG_WARN_INFINITE_RECURSION = YES;
				CLANG_WARN_INT_CONVERSION = YES;
				CLANG_WARN_NON_LITERAL_NULL_CONVERSION = YES;
				CLANG_WARN_OBJC_LITERAL_CONVERSION = YES;
				CLANG_WARN_OBJC_ROOT_CLASS = YES_ERROR;
				CLANG_WARN_RANGE_LOOP_ANALYSIS = YES;
				CLANG_WARN_STRICT_PROTOTYPES = YES;
				CLANG_WARN_SUSPICIOUS_MOVE = YES;
				CLANG_WARN_UNGUARDED_AVAILABILITY = YES_AGGRESSIVE;
				CLANG_WARN_UNREACHABLE_CODE = YES;
				CLANG_WARN__DUPLICATE_METHOD_MATCH = YES;
				CODE_SIGN_IDENTITY = "iPhone Developer";
				COPY_PHASE_STRIP = NO;
				DEBUG_INFORMATION_FORMAT = dwarf;
				ENABLE_STRICT_OBJC_MSGSEND = YES;
				ENABLE_TESTABILITY = YES;
				GCC_C_LANGUAGE_STANDARD = gnu11;
				GCC_DYNAMIC_NO_PIC = NO;
				GCC_NO_COMMON_BLOCKS = YES;
				GCC_OPTIMIZATION_LEVEL = 0;
				GCC_PREPROCESSOR_DEFINITIONS = (
					"DEBUG=1",
					"$(inherited)",
				);
				GCC_WARN_64_TO_32_BIT_CONVERSION = YES;
				GCC_WARN_ABOUT_RETURN_TYPE = YES_ERROR;
				GCC_WARN_UNDECLARED_SELECTOR = YES;
				GCC_WARN_UNINITIALIZED_AUTOS = YES_AGGRESSIVE;
				GCC_WARN_UNUSED_FUNCTION = YES;
				GCC_WARN_UNUSED_VARIABLE = YES;
				IPHONEOS_DEPLOYMENT_TARGET = 11.1;
				MTL_ENABLE_DEBUG_INFO = YES;
				ONLY_ACTIVE_ARCH = YES;
				SDKROOT = iphoneos;
				SWIFT_ACTIVE_COMPILATION_CONDITIONS = DEBUG;
				SWIFT_OPTIMIZATION_LEVEL = "-Onone";
			};
			name = Debug;
		};
		064F7C6B1FBE0E40002032D7 /* Release */ = {
			isa = XCBuildConfiguration;
			buildSettings = {
				ALWAYS_SEARCH_USER_PATHS = NO;
				CLANG_ANALYZER_NONNULL = YES;
				CLANG_ANALYZER_NUMBER_OBJECT_CONVERSION = YES_AGGRESSIVE;
				CLANG_CXX_LANGUAGE_STANDARD = "gnu++14";
				CLANG_CXX_LIBRARY = "libc++";
				CLANG_ENABLE_MODULES = YES;
				CLANG_ENABLE_OBJC_ARC = YES;
				CLANG_WARN_BLOCK_CAPTURE_AUTORELEASING = YES;
				CLANG_WARN_BOOL_CONVERSION = YES;
				CLANG_WARN_COMMA = YES;
				CLANG_WARN_CONSTANT_CONVERSION = YES;
				CLANG_WARN_DIRECT_OBJC_ISA_USAGE = YES_ERROR;
				CLANG_WARN_DOCUMENTATION_COMMENTS = YES;
				CLANG_WARN_EMPTY_BODY = YES;
				CLANG_WARN_ENUM_CONVERSION = YES;
				CLANG_WARN_INFINITE_RECURSION = YES;
				CLANG_WARN_INT_CONVERSION = YES;
				CLANG_WARN_NON_LITERAL_NULL_CONVERSION = YES;
				CLANG_WARN_OBJC_LITERAL_CONVERSION = YES;
				CLANG_WARN_OBJC_ROOT_CLASS = YES_ERROR;
				CLANG_WARN_RANGE_LOOP_ANALYSIS = YES;
				CLANG_WARN_STRICT_PROTOTYPES = YES;
				CLANG_WARN_SUSPICIOUS_MOVE = YES;
				CLANG_WARN_UNGUARDED_AVAILABILITY = YES_AGGRESSIVE;
				CLANG_WARN_UNREACHABLE_CODE = YES;
				CLANG_WARN__DUPLICATE_METHOD_MATCH = YES;
				CODE_SIGN_IDENTITY = "iPhone Developer";
				COPY_PHASE_STRIP = NO;
				DEBUG_INFORMATION_FORMAT = "dwarf-with-dsym";
				ENABLE_NS_ASSERTIONS = NO;
				ENABLE_STRICT_OBJC_MSGSEND = YES;
				GCC_C_LANGUAGE_STANDARD = gnu11;
				GCC_NO_COMMON_BLOCKS = YES;
				GCC_WARN_64_TO_32_BIT_CONVERSION = YES;
				GCC_WARN_ABOUT_RETURN_TYPE = YES_ERROR;
				GCC_WARN_UNDECLARED_SELECTOR = YES;
				GCC_WARN_UNINITIALIZED_AUTOS = YES_AGGRESSIVE;
				GCC_WARN_UNUSED_FUNCTION = YES;
				GCC_WARN_UNUSED_VARIABLE = YES;
				IPHONEOS_DEPLOYMENT_TARGET = 11.1;
				MTL_ENABLE_DEBUG_INFO = NO;
				SDKROOT = iphoneos;
				SWIFT_OPTIMIZATION_LEVEL = "-Owholemodule";
				VALIDATE_PRODUCT = YES;
			};
			name = Release;
		};
		064F7C6D1FBE0E40002032D7 /* Debug */ = {
			isa = XCBuildConfiguration;
			baseConfigurationReference = DAD62AB7291050A75BF40618 /* Pods-MapCity.debug.xcconfig */;
			buildSettings = {
				ASSETCATALOG_COMPILER_APPICON_NAME = AppIcon;
				CODE_SIGN_STYLE = Automatic;
				DEVELOPMENT_TEAM = YFW23TS6BS;
				INFOPLIST_FILE = MapCity/Info.plist;
				LD_RUNPATH_SEARCH_PATHS = "$(inherited) @executable_path/Frameworks";
				PRODUCT_BUNDLE_IDENTIFIER = com.graystudio.MapCity;
				PRODUCT_NAME = "$(TARGET_NAME)";
				SWIFT_VERSION = 4.0;
				TARGETED_DEVICE_FAMILY = "1,2";
			};
			name = Debug;
		};
		064F7C6E1FBE0E40002032D7 /* Release */ = {
			isa = XCBuildConfiguration;
			baseConfigurationReference = 0441F20CE839A9CBEB05B44D /* Pods-MapCity.release.xcconfig */;
			buildSettings = {
				ASSETCATALOG_COMPILER_APPICON_NAME = AppIcon;
				CODE_SIGN_STYLE = Automatic;
				DEVELOPMENT_TEAM = YFW23TS6BS;
				INFOPLIST_FILE = MapCity/Info.plist;
				LD_RUNPATH_SEARCH_PATHS = "$(inherited) @executable_path/Frameworks";
				PRODUCT_BUNDLE_IDENTIFIER = com.graystudio.MapCity;
				PRODUCT_NAME = "$(TARGET_NAME)";
				SWIFT_VERSION = 4.0;
				TARGETED_DEVICE_FAMILY = "1,2";
			};
			name = Release;
		};
/* End XCBuildConfiguration section */

/* Begin XCConfigurationList section */
		064F7C551FBE0E3F002032D7 /* Build configuration list for PBXProject "MapCity" */ = {
			isa = XCConfigurationList;
			buildConfigurations = (
				064F7C6A1FBE0E40002032D7 /* Debug */,
				064F7C6B1FBE0E40002032D7 /* Release */,
			);
			defaultConfigurationIsVisible = 0;
			defaultConfigurationName = Release;
		};
		064F7C6C1FBE0E40002032D7 /* Build configuration list for PBXNativeTarget "MapCity" */ = {
			isa = XCConfigurationList;
			buildConfigurations = (
				064F7C6D1FBE0E40002032D7 /* Debug */,
				064F7C6E1FBE0E40002032D7 /* Release */,
			);
			defaultConfigurationIsVisible = 0;
			defaultConfigurationName = Release;
		};
/* End XCConfigurationList section */
	};
	rootObject = 064F7C521FBE0E3F002032D7 /* Project object */;
}
